
Microsoft Visual Studio Solution File, Format Version 12.00
# Visual Studio Version 16
VisualStudioVersion = 16.0.29215.179
MinimumVisualStudioVersion = 10.0.40219.1
Project("{FAE04EC0-301F-11D3-BF4B-00C04F79EFBC}") = "DBMaiden", "DBMaiden.csproj", "{6CC4EEEE-6425-4419-A1A6-89ABCF09745B}"
EndProject
Global
	GlobalSection(SolutionConfigurationPlatforms) = preSolution
		Debug|Any CPU = Debug|Any CPU
		Release|Any CPU = Release|Any CPU
	EndGlobalSection
	GlobalSection(ProjectConfigurationPlatforms) = postSolution
		{6CC4EEEE-6425-4419-A1A6-89ABCF09745B}.Debug|Any CPU.ActiveCfg = Debug|Any CPU
		{6CC4EEEE-6425-4419-A1A6-89ABCF09745B}.Debug|Any CPU.Build.0 = Debug|Any CPU
		{6CC4EEEE-6425-4419-A1A6-89ABCF09745B}.Release|Any CPU.ActiveCfg = Release|Any CPU
		{6CC4EEEE-6425-4419-A1A6-89ABCF09745B}.Release|Any CPU.Build.0 = Release|Any CPU
	EndGlobalSection
	GlobalSection(SolutionProperties) = preSolution
		HideSolutionNode = FALSE
	EndGlobalSection
	GlobalSection(ExtensibilityGlobals) = postSolution
		SolutionGuid = {849C16F1-F464-4442-89F5-FA72C07AF9D6}
	EndGlobalSection
EndGlobal
